
Microsoft Visual Studio Solution File, Format Version 12.00
# Visual Studio Version 17
VisualStudioVersion = 17.10.34916.146
MinimumVisualStudioVersion = 10.0.40219.1
Project("{9A19103F-16F7-4668-BE54-9A1E7A4F7556}") = "TesteAnotaAiIfood.API", "src\TesteAnotaAiIfood.API\TesteAnotaAiIfood.API.csproj", "{7AE420AC-4D88-4F8D-9C11-DE890B99D9E8}"
EndProject
Project("{9A19103F-16F7-4668-BE54-9A1E7A4F7556}") = "TesteAnotaAiIfood.Infra", "src\TesteAnotaAiIfood.Infra\TesteAnotaAiIfood.Infra.csproj", "{83448E0E-D4B1-47A6-8B97-DE145FD5E27E}"
EndProject
Project("{9A19103F-16F7-4668-BE54-9A1E7A4F7556}") = "TesteAnotaAiIfood.Domain", "src\TesteAnotaAiIfood.Domain\TesteAnotaAiIfood.Domain.csproj", "{04BEB9A5-48FD-4B8B-9405-3270F38906EF}"
EndProject
Project("{9A19103F-16F7-4668-BE54-9A1E7A4F7556}") = "TesteAnotaAiIfood.Application", "src\TesteAnotaAiIfood.Application\TesteAnotaAiIfood.Application.csproj", "{CC55389D-3D32-4B72-A824-9708AA17D17E}"
EndProject
Global
	GlobalSection(SolutionConfigurationPlatforms) = preSolution
		Debug|Any CPU = Debug|Any CPU
		Release|Any CPU = Release|Any CPU
	EndGlobalSection
	GlobalSection(ProjectConfigurationPlatforms) = postSolution
		{7AE420AC-4D88-4F8D-9C11-DE890B99D9E8}.Debug|Any CPU.ActiveCfg = Debug|Any CPU
		{7AE420AC-4D88-4F8D-9C11-DE890B99D9E8}.Debug|Any CPU.Build.0 = Debug|Any CPU
		{7AE420AC-4D88-4F8D-9C11-DE890B99D9E8}.Release|Any CPU.ActiveCfg = Release|Any CPU
		{7AE420AC-4D88-4F8D-9C11-DE890B99D9E8}.Release|Any CPU.Build.0 = Release|Any CPU
		{83448E0E-D4B1-47A6-8B97-DE145FD5E27E}.Debug|Any CPU.ActiveCfg = Debug|Any CPU
		{83448E0E-D4B1-47A6-8B97-DE145FD5E27E}.Debug|Any CPU.Build.0 = Debug|Any CPU
		{83448E0E-D4B1-47A6-8B97-DE145FD5E27E}.Release|Any CPU.ActiveCfg = Release|Any CPU
		{83448E0E-D4B1-47A6-8B97-DE145FD5E27E}.Release|Any CPU.Build.0 = Release|Any CPU
		{04BEB9A5-48FD-4B8B-9405-3270F38906EF}.Debug|Any CPU.ActiveCfg = Debug|Any CPU
		{04BEB9A5-48FD-4B8B-9405-3270F38906EF}.Debug|Any CPU.Build.0 = Debug|Any CPU
		{04BEB9A5-48FD-4B8B-9405-3270F38906EF}.Release|Any CPU.ActiveCfg = Release|Any CPU
		{04BEB9A5-48FD-4B8B-9405-3270F38906EF}.Release|Any CPU.Build.0 = Release|Any CPU
		{CC55389D-3D32-4B72-A824-9708AA17D17E}.Debug|Any CPU.ActiveCfg = Debug|Any CPU
		{CC55389D-3D32-4B72-A824-9708AA17D17E}.Debug|Any CPU.Build.0 = Debug|Any CPU
		{CC55389D-3D32-4B72-A824-9708AA17D17E}.Release|Any CPU.ActiveCfg = Release|Any CPU
		{CC55389D-3D32-4B72-A824-9708AA17D17E}.Release|Any CPU.Build.0 = Release|Any CPU
	EndGlobalSection
	GlobalSection(SolutionProperties) = preSolution
		HideSolutionNode = FALSE
	EndGlobalSection
	GlobalSection(ExtensibilityGlobals) = postSolution
		SolutionGuid = {C541AB9F-7FCA-49AE-846C-663AE42D4236}
	EndGlobalSection
EndGlobal
